// !$*UTF8*$!
{
	archiveVersion = 1;
	classes = {
	};
	objectVersion = 50;
	objects = {

/* Begin PBXBuildFile section */
		9520E9C42519FB5E00420BD0 /* AppDelegate.swift in Sources */ = {isa = PBXBuildFile; fileRef = 9520E9C32519FB5E00420BD0 /* AppDelegate.swift */; };
		9520E9C62519FB5E00420BD0 /* SceneDelegate.swift in Sources */ = {isa = PBXBuildFile; fileRef = 9520E9C52519FB5E00420BD0 /* SceneDelegate.swift */; };
		9520E9C82519FB5E00420BD0 /* ContentView.swift in Sources */ = {isa = PBXBuildFile; fileRef = 9520E9C72519FB5E00420BD0 /* ContentView.swift */; };
		9520E9CB2519FB5E00420BD0 /* SecureNoteApp.xcdatamodeld in Sources */ = {isa = PBXBuildFile; fileRef = 9520E9C92519FB5E00420BD0 /* SecureNoteApp.xcdatamodeld */; };
		9520E9CD2519FB6000420BD0 /* Assets.xcassets in Resources */ = {isa = PBXBuildFile; fileRef = 9520E9CC2519FB6000420BD0 /* Assets.xcassets */; };
		9520E9D02519FB6000420BD0 /* Preview Assets.xcassets in Resources */ = {isa = PBXBuildFile; fileRef = 9520E9CF2519FB6000420BD0 /* Preview Assets.xcassets */; };
		9520E9D32519FB6000420BD0 /* LaunchScreen.storyboard in Resources */ = {isa = PBXBuildFile; fileRef = 9520E9D12519FB6000420BD0 /* LaunchScreen.storyboard */; };
		9520E9DC2519FE4500420BD0 /* NotesHome.swift in Sources */ = {isa = PBXBuildFile; fileRef = 9520E9DB2519FE4500420BD0 /* NotesHome.swift */; };
		9520E9DF2519FE5200420BD0 /* NotesSettings.swift in Sources */ = {isa = PBXBuildFile; fileRef = 9520E9DE2519FE5200420BD0 /* NotesSettings.swift */; };
		9520E9E2251A023200420BD0 /* KeychainHelper.swift in Sources */ = {isa = PBXBuildFile; fileRef = 9520E9E1251A023200420BD0 /* KeychainHelper.swift */; };
		9520E9E5251A0E1200420BD0 /* BioAuth.swift in Sources */ = {isa = PBXBuildFile; fileRef = 9520E9E4251A0E1200420BD0 /* BioAuth.swift */; };
		9520E9E8251A12BB00420BD0 /* PasswordHelper.swift in Sources */ = {isa = PBXBuildFile; fileRef = 9520E9E7251A12BB00420BD0 /* PasswordHelper.swift */; };
		9520E9EB251A175300420BD0 /* NoteDetailView.swift in Sources */ = {isa = PBXBuildFile; fileRef = 9520E9EA251A175300420BD0 /* NoteDetailView.swift */; };
		9520E9EE251A199700420BD0 /* AddNewNote.swift in Sources */ = {isa = PBXBuildFile; fileRef = 9520E9ED251A199700420BD0 /* AddNewNote.swift */; };
		9520E9F1251A1DA600420BD0 /* CreateNewPassword.swift in Sources */ = {isa = PBXBuildFile; fileRef = 9520E9F0251A1DA600420BD0 /* CreateNewPassword.swift */; };
/* End PBXBuildFile section */

/* Begin PBXFileReference section */
		9520E9C02519FB5E00420BD0 /* SecureNoteApp.app */ = {isa = PBXFileReference; explicitFileType = wrapper.application; includeInIndex = 0; path = SecureNoteApp.app; sourceTree = BUILT_PRODUCTS_DIR; };
		9520E9C32519FB5E00420BD0 /* AppDelegate.swift */ = {isa = PBXFileReference; lastKnownFileType = sourcecode.swift; path = AppDelegate.swift; sourceTree = "<group>"; };
		9520E9C52519FB5E00420BD0 /* SceneDelegate.swift */ = {isa = PBXFileReference; lastKnownFileType = sourcecode.swift; path = SceneDelegate.swift; sourceTree = "<group>"; };
		9520E9C72519FB5E00420BD0 /* ContentView.swift */ = {isa = PBXFileReference; lastKnownFileType = sourcecode.swift; path = ContentView.swift; sourceTree = "<group>"; };
		9520E9CA2519FB5E00420BD0 /* SecureNoteApp.xcdatamodel */ = {isa = PBXFileReference; lastKnownFileType = wrapper.xcdatamodel; path = SecureNoteApp.xcdatamodel; sourceTree = "<group>"; };
		9520E9CC2519FB6000420BD0 /* Assets.xcassets */ = {isa = PBXFileReference; lastKnownFileType = folder.assetcatalog; path = Assets.xcassets; sourceTree = "<group>"; };
		9520E9CF2519FB6000420BD0 /* Preview Assets.xcassets */ = {isa = PBXFileReference; lastKnownFileType = folder.assetcatalog; path = "Preview Assets.xcassets"; sourceTree = "<group>"; };
		9520E9D22519FB6000420BD0 /* Base */ = {isa = PBXFileReference; lastKnownFileType = file.storyboard; name = Base; path = Base.lproj/LaunchScreen.storyboard; sourceTree = "<group>"; };
		9520E9D42519FB6000420BD0 /* Info.plist */ = {isa = PBXFileReference; lastKnownFileType = text.plist.xml; path = Info.plist; sourceTree = "<group>"; };
		9520E9DB2519FE4500420BD0 /* NotesHome.swift */ = {isa = PBXFileReference; lastKnownFileType = sourcecode.swift; path = NotesHome.swift; sourceTree = "<group>"; };
		9520E9DE2519FE5200420BD0 /* NotesSettings.swift */ = {isa = PBXFileReference; lastKnownFileType = sourcecode.swift; path = NotesSettings.swift; sourceTree = "<group>"; };
		9520E9E1251A023200420BD0 /* KeychainHelper.swift */ = {isa = PBXFileReference; lastKnownFileType = sourcecode.swift; path = KeychainHelper.swift; sourceTree = "<group>"; };
		9520E9E4251A0E1200420BD0 /* BioAuth.swift */ = {isa = PBXFileReference; lastKnownFileType = sourcecode.swift; path = BioAuth.swift; sourceTree = "<group>"; };
		9520E9E7251A12BB00420BD0 /* PasswordHelper.swift */ = {isa = PBXFileReference; lastKnownFileType = sourcecode.swift; path = PasswordHelper.swift; sourceTree = "<group>"; };
		9520E9EA251A175300420BD0 /* NoteDetailView.swift */ = {isa = PBXFileReference; lastKnownFileType = sourcecode.swift; path = NoteDetailView.swift; sourceTree = "<group>"; };
		9520E9ED251A199700420BD0 /* AddNewNote.swift */ = {isa = PBXFileReference; lastKnownFileType = sourcecode.swift; path = AddNewNote.swift; sourceTree = "<group>"; };
		9520E9F0251A1DA600420BD0 /* CreateNewPassword.swift */ = {isa = PBXFileReference; lastKnownFileType = sourcecode.swift; path = CreateNewPassword.swift; sourceTree = "<group>"; };
/* End PBXFileReference section */

/* Begin PBXFrameworksBuildPhase section */
		9520E9BD2519FB5E00420BD0 /* Frameworks */ = {
			isa = PBXFrameworksBuildPhase;
			buildActionMask = 2147483647;
			files = (
			);
			runOnlyForDeploymentPostprocessing = 0;
		};
/* End PBXFrameworksBuildPhase section */

/* Begin PBXGroup section */
		9520E9B72519FB5E00420BD0 = {
			isa = PBXGroup;
			children = (
				9520E9C22519FB5E00420BD0 /* SecureNoteApp */,
				9520E9C12519FB5E00420BD0 /* Products */,
			);
			sourceTree = "<group>";
		};
		9520E9C12519FB5E00420BD0 /* Products */ = {
			isa = PBXGroup;
			children = (
				9520E9C02519FB5E00420BD0 /* SecureNoteApp.app */,
			);
			name = Products;
			sourceTree = "<group>";
		};
		9520E9C22519FB5E00420BD0 /* SecureNoteApp */ = {
			isa = PBXGroup;
			children = (
				9520E9C32519FB5E00420BD0 /* AppDelegate.swift */,
				9520E9C52519FB5E00420BD0 /* SceneDelegate.swift */,
				9520E9C72519FB5E00420BD0 /* ContentView.swift */,
				9520E9CC2519FB6000420BD0 /* Assets.xcassets */,
				9520E9D12519FB6000420BD0 /* LaunchScreen.storyboard */,
				9520E9D42519FB6000420BD0 /* Info.plist */,
				9520E9C92519FB5E00420BD0 /* SecureNoteApp.xcdatamodeld */,
				9520E9CE2519FB6000420BD0 /* Preview Content */,
				9520E9DB2519FE4500420BD0 /* NotesHome.swift */,
				9520E9DE2519FE5200420BD0 /* NotesSettings.swift */,
				9520E9E1251A023200420BD0 /* KeychainHelper.swift */,
				9520E9E4251A0E1200420BD0 /* BioAuth.swift */,
				9520E9E7251A12BB00420BD0 /* PasswordHelper.swift */,
				9520E9EA251A175300420BD0 /* NoteDetailView.swift */,
				9520E9ED251A199700420BD0 /* AddNewNote.swift */,
				9520E9F0251A1DA600420BD0 /* CreateNewPassword.swift */,
			);
			path = SecureNoteApp;
			sourceTree = "<group>";
		};
		9520E9CE2519FB6000420BD0 /* Preview Content */ = {
			isa = PBXGroup;
			children = (
				9520E9CF2519FB6000420BD0 /* Preview Assets.xcassets */,
			);
			path = "Preview Content";
			sourceTree = "<group>";
		};
/* End PBXGroup section */

/* Begin PBXNativeTarget section */
		9520E9BF2519FB5E00420BD0 /* SecureNoteApp */ = {
			isa = PBXNativeTarget;
			buildConfigurationList = 9520E9D72519FB6000420BD0 /* Build configuration list for PBXNativeTarget "SecureNoteApp" */;
			buildPhases = (
				9520E9BC2519FB5E00420BD0 /* Sources */,
				9520E9BD2519FB5E00420BD0 /* Frameworks */,
				9520E9BE2519FB5E00420BD0 /* Resources */,
			);
			buildRules = (
			);
			dependencies = (
			);
			name = SecureNoteApp;
			productName = SecureNoteApp;
			productReference = 9520E9C02519FB5E00420BD0 /* SecureNoteApp.app */;
			productType = "com.apple.product-type.application";
		};
/* End PBXNativeTarget section */

/* Begin PBXProject section */
		9520E9B82519FB5E00420BD0 /* Project object */ = {
			isa = PBXProject;
			attributes = {
				LastSwiftUpdateCheck = 1200;
				LastUpgradeCheck = 1200;
				TargetAttributes = {
					9520E9BF2519FB5E00420BD0 = {
						CreatedOnToolsVersion = 12.0;
					};
				};
			};
			buildConfigurationList = 9520E9BB2519FB5E00420BD0 /* Build configuration list for PBXProject "SecureNoteApp" */;
			compatibilityVersion = "Xcode 9.3";
			developmentRegion = en;
			hasScannedForEncodings = 0;
			knownRegions = (
				en,
				Base,
			);
			mainGroup = 9520E9B72519FB5E00420BD0;
			productRefGroup = 9520E9C12519FB5E00420BD0 /* Products */;
			projectDirPath = "";
			projectRoot = "";
			targets = (
				9520E9BF2519FB5E00420BD0 /* SecureNoteApp */,
			);
		};
/* End PBXProject section */

/* Begin PBXResourcesBuildPhase section */
		9520E9BE2519FB5E00420BD0 /* Resources */ = {
			isa = PBXResourcesBuildPhase;
			buildActionMask = 2147483647;
			files = (
				9520E9D32519FB6000420BD0 /* LaunchScreen.storyboard in Resources */,
				9520E9D02519FB6000420BD0 /* Preview Assets.xcassets in Resources */,
				9520E9CD2519FB6000420BD0 /* Assets.xcassets in Resources */,
			);
			runOnlyForDeploymentPostprocessing = 0;
		};
/* End PBXResourcesBuildPhase section */

/* Begin PBXSourcesBuildPhase section */
		9520E9BC2519FB5E00420BD0 /* Sources */ = {
			isa = PBXSourcesBuildPhase;
			buildActionMask = 2147483647;
			files = (
				9520E9CB2519FB5E00420BD0 /* SecureNoteApp.xcdatamodeld in Sources */,
				9520E9EB251A175300420BD0 /* NoteDetailView.swift in Sources */,
				9520E9EE251A199700420BD0 /* AddNewNote.swift in Sources */,
				9520E9C42519FB5E00420BD0 /* AppDelegate.swift in Sources */,
				9520E9DF2519FE5200420BD0 /* NotesSettings.swift in Sources */,
				9520E9DC2519FE4500420BD0 /* NotesHome.swift in Sources */,
				9520E9E8251A12BB00420BD0 /* PasswordHelper.swift in Sources */,
				9520E9F1251A1DA600420BD0 /* CreateNewPassword.swift in Sources */,
				9520E9E5251A0E1200420BD0 /* BioAuth.swift in Sources */,
				9520E9E2251A023200420BD0 /* KeychainHelper.swift in Sources */,
				9520E9C62519FB5E00420BD0 /* SceneDelegate.swift in Sources */,
				9520E9C82519FB5E00420BD0 /* ContentView.swift in Sources */,
			);
			runOnlyForDeploymentPostprocessing = 0;
		};
/* End PBXSourcesBuildPhase section */

/* Begin PBXVariantGroup section */
		9520E9D12519FB6000420BD0 /* LaunchScreen.storyboard */ = {
			isa = PBXVariantGroup;
			children = (
				9520E9D22519FB6000420BD0 /* Base */,
			);
			name = LaunchScreen.storyboard;
			sourceTree = "<group>";
		};
/* End PBXVariantGroup section */

/* Begin XCBuildConfiguration section */
		9520E9D52519FB6000420BD0 /* Debug */ = {
			isa = XCBuildConfiguration;
			buildSettings = {
				ALWAYS_SEARCH_USER_PATHS = NO;
				CLANG_ANALYZER_NONNULL = YES;
				CLANG_ANALYZER_NUMBER_OBJECT_CONVERSION = YES_AGGRESSIVE;
				CLANG_CXX_LANGUAGE_STANDARD = "gnu++14";
				CLANG_CXX_LIBRARY = "libc++";
				CLANG_ENABLE_MODULES = YES;
				CLANG_ENABLE_OBJC_ARC = YES;
				CLANG_ENABLE_OBJC_WEAK = YES;
				CLANG_WARN_BLOCK_CAPTURE_AUTORELEASING = YES;
				CLANG_WARN_BOOL_CONVERSION = YES;
				CLANG_WARN_COMMA = YES;
				CLANG_WARN_CONSTANT_CONVERSION = YES;
				CLANG_WARN_DEPRECATED_OBJC_IMPLEMENTATIONS = YES;
				CLANG_WARN_DIRECT_OBJC_ISA_USAGE = YES_ERROR;
				CLANG_WARN_DOCUMENTATION_COMMENTS = YES;
				CLANG_WARN_EMPTY_BODY = YES;
				CLANG_WARN_ENUM_CONVERSION = YES;
				CLANG_WARN_INFINITE_RECURSION = YES;
				CLANG_WARN_INT_CONVERSION = YES;
				CLANG_WARN_NON_LITERAL_NULL_CONVERSION = YES;
				CLANG_WARN_OBJC_IMPLICIT_RETAIN_SELF = YES;
				CLANG_WARN_OBJC_LITERAL_CONVERSION = YES;
				CLANG_WARN_OBJC_ROOT_CLASS = YES_ERROR;
				CLANG_WARN_QUOTED_INCLUDE_IN_FRAMEWORK_HEADER = YES;
				CLANG_WARN_RANGE_LOOP_ANALYSIS = YES;
				CLANG_WARN_STRICT_PROTOTYPES = YES;
				CLANG_WARN_SUSPICIOUS_MOVE = YES;
				CLANG_WARN_UNGUARDED_AVAILABILITY = YES_AGGRESSIVE;
				CLANG_WARN_UNREACHABLE_CODE = YES;
				CLANG_WARN__DUPLICATE_METHOD_MATCH = YES;
				COPY_PHASE_STRIP = NO;
				DEBUG_INFORMATION_FORMAT = dwarf;
				ENABLE_STRICT_OBJC_MSGSEND = YES;
				ENABLE_TESTABILITY = YES;
				GCC_C_LANGUAGE_STANDARD = gnu11;
				GCC_DYNAMIC_NO_PIC = NO;
				GCC_NO_COMMON_BLOCKS = YES;
				GCC_OPTIMIZATION_LEVEL = 0;
				GCC_PREPROCESSOR_DEFINITIONS = (
					"DEBUG=1",
					"$(inherited)",
				);
				GCC_WARN_64_TO_32_BIT_CONVERSION = YES;
				GCC_WARN_ABOUT_RETURN_TYPE = YES_ERROR;
				GCC_WARN_UNDECLARED_SELECTOR = YES;
				GCC_WARN_UNINITIALIZED_AUTOS = YES_AGGRESSIVE;
				GCC_WARN_UNUSED_FUNCTION = YES;
				GCC_WARN_UNUSED_VARIABLE = YES;
				IPHONEOS_DEPLOYMENT_TARGET = 14.0;
				MTL_ENABLE_DEBUG_INFO = INCLUDE_SOURCE;
				MTL_FAST_MATH = YES;
				ONLY_ACTIVE_ARCH = YES;
				SDKROOT = iphoneos;
				SWIFT_ACTIVE_COMPILATION_CONDITIONS = DEBUG;
				SWIFT_OPTIMIZATION_LEVEL = "-Onone";
			};
			name = Debug;
		};
		9520E9D62519FB6000420BD0 /* Release */ = {
			isa = XCBuildConfiguration;
			buildSettings = {
				ALWAYS_SEARCH_USER_PATHS = NO;
				CLANG_ANALYZER_NONNULL = YES;
				CLANG_ANALYZER_NUMBER_OBJECT_CONVERSION = YES_AGGRESSIVE;
				CLANG_CXX_LANGUAGE_STANDARD = "gnu++14";
				CLANG_CXX_LIBRARY = "libc++";
				CLANG_ENABLE_MODULES = YES;
				CLANG_ENABLE_OBJC_ARC = YES;
				CLANG_ENABLE_OBJC_WEAK = YES;
				CLANG_WARN_BLOCK_CAPTURE_AUTORELEASING = YES;
				CLANG_WARN_BOOL_CONVERSION = YES;
				CLANG_WARN_COMMA = YES;
				CLANG_WARN_CONSTANT_CONVERSION = YES;
				CLANG_WARN_DEPRECATED_OBJC_IMPLEMENTATIONS = YES;
				CLANG_WARN_DIRECT_OBJC_ISA_USAGE = YES_ERROR;
				CLANG_WARN_DOCUMENTATION_COMMENTS = YES;
				CLANG_WARN_EMPTY_BODY = YES;
				CLANG_WARN_ENUM_CONVERSION = YES;
				CLANG_WARN_INFINITE_RECURSION = YES;
				CLANG_WARN_INT_CONVERSION = YES;
				CLANG_WARN_NON_LITERAL_NULL_CONVERSION = YES;
				CLANG_WARN_OBJC_IMPLICIT_RETAIN_SELF = YES;
				CLANG_WARN_OBJC_LITERAL_CONVERSION = YES;
				CLANG_WARN_OBJC_ROOT_CLASS = YES_ERROR;
				CLANG_WARN_QUOTED_INCLUDE_IN_FRAMEWORK_HEADER = YES;
				CLANG_WARN_RANGE_LOOP_ANALYSIS = YES;
				CLANG_WARN_STRICT_PROTOTYPES = YES;
				CLANG_WARN_SUSPICIOUS_MOVE = YES;
				CLANG_WARN_UNGUARDED_AVAILABILITY = YES_AGGRESSIVE;
				CLANG_WARN_UNREACHABLE_CODE = YES;
				CLANG_WARN__DUPLICATE_METHOD_MATCH = YES;
				COPY_PHASE_STRIP = NO;
				DEBUG_INFORMATION_FORMAT = "dwarf-with-dsym";
				ENABLE_NS_ASSERTIONS = NO;
				ENABLE_STRICT_OBJC_MSGSEND = YES;
				GCC_C_LANGUAGE_STANDARD = gnu11;
				GCC_NO_COMMON_BLOCKS = YES;
				GCC_WARN_64_TO_32_BIT_CONVERSION = YES;
				GCC_WARN_ABOUT_RETURN_TYPE = YES_ERROR;
				GCC_WARN_UNDECLARED_SELECTOR = YES;
				GCC_WARN_UNINITIALIZED_AUTOS = YES_AGGRESSIVE;
				GCC_WARN_UNUSED_FUNCTION = YES;
				GCC_WARN_UNUSED_VARIABLE = YES;
				IPHONEOS_DEPLOYMENT_TARGET = 14.0;
				MTL_ENABLE_DEBUG_INFO = NO;
				MTL_FAST_MATH = YES;
				SDKROOT = iphoneos;
				SWIFT_COMPILATION_MODE = wholemodule;
				SWIFT_OPTIMIZATION_LEVEL = "-O";
				VALIDATE_PRODUCT = YES;
			};
			name = Release;
		};
		9520E9D82519FB6000420BD0 /* Debug */ = {
			isa = XCBuildConfiguration;
			buildSettings = {
				ASSETCATALOG_COMPILER_APPICON_NAME = AppIcon;
				ASSETCATALOG_COMPILER_GLOBAL_ACCENT_COLOR_NAME = AccentColor;
				CODE_SIGN_STYLE = Automatic;
				DEVELOPMENT_ASSET_PATHS = "\"SecureNoteApp/Preview Content\"";
				DEVELOPMENT_TEAM = L8W86DZDY2;
				ENABLE_PREVIEWS = YES;
				INFOPLIST_FILE = SecureNoteApp/Info.plist;
				LD_RUNPATH_SEARCH_PATHS = (
					"$(inherited)",
					"@executable_path/Frameworks",
				);
				PRODUCT_BUNDLE_IDENTIFIER = com.ri.SecureNoteApp;
				PRODUCT_NAME = "$(TARGET_NAME)";
				SWIFT_VERSION = 5.0;
				TARGETED_DEVICE_FAMILY = "1,2";
			};
			name = Debug;
		};
		9520E9D92519FB6000420BD0 /* Release */ = {
			isa = XCBuildConfiguration;
			buildSettings = {
				ASSETCATALOG_COMPILER_APPICON_NAME = AppIcon;
				ASSETCATALOG_COMPILER_GLOBAL_ACCENT_COLOR_NAME = AccentColor;
				CODE_SIGN_STYLE = Automatic;
				DEVELOPMENT_ASSET_PATHS = "\"SecureNoteApp/Preview Content\"";
				DEVELOPMENT_TEAM = L8W86DZDY2;
				ENABLE_PREVIEWS = YES;
				INFOPLIST_FILE = SecureNoteApp/Info.plist;
				LD_RUNPATH_SEARCH_PATHS = (
					"$(inherited)",
					"@executable_path/Frameworks",
				);
				PRODUCT_BUNDLE_IDENTIFIER = com.ri.SecureNoteApp;
				PRODUCT_NAME = "$(TARGET_NAME)";
				SWIFT_VERSION = 5.0;
				TARGETED_DEVICE_FAMILY = "1,2";
			};
			name = Release;
		};
/* End XCBuildConfiguration section */

/* Begin XCConfigurationList section */
		9520E9BB2519FB5E00420BD0 /* Build configuration list for PBXProject "SecureNoteApp" */ = {
			isa = XCConfigurationList;
			buildConfigurations = (
				9520E9D52519FB6000420BD0 /* Debug */,
				9520E9D62519FB6000420BD0 /* Release */,
			);
			defaultConfigurationIsVisible = 0;
			defaultConfigurationName = Release;
		};
		9520E9D72519FB6000420BD0 /* Build configuration list for PBXNativeTarget "SecureNoteApp" */ = {
			isa = XCConfigurationList;
			buildConfigurations = (
				9520E9D82519FB6000420BD0 /* Debug */,
				9520E9D92519FB6000420BD0 /* Release */,
			);
			defaultConfigurationIsVisible = 0;
			defaultConfigurationName = Release;
		};
/* End XCConfigurationList section */

/* Begin XCVersionGroup section */
		9520E9C92519FB5E00420BD0 /* SecureNoteApp.xcdatamodeld */ = {
			isa = XCVersionGroup;
			children = (
				9520E9CA2519FB5E00420BD0 /* SecureNoteApp.xcdatamodel */,
			);
			currentVersion = 9520E9CA2519FB5E00420BD0 /* SecureNoteApp.xcdatamodel */;
			path = SecureNoteApp.xcdatamodeld;
			sourceTree = "<group>";
			versionGroupType = wrapper.xcdatamodel;
		};
/* End XCVersionGroup section */
	};
	rootObject = 9520E9B82519FB5E00420BD0 /* Project object */;
}
